
Microsoft Visual Studio Solution File, Format Version 12.00
# Visual Studio Version 16
VisualStudioVersion = 16.0.32228.343
MinimumVisualStudioVersion = 10.0.40219.1
Project("{FAE04EC0-301F-11D3-BF4B-00C04F79EFBC}") = "ITMO.CsharpProg2022.Lab1.1", "ITMO.CsharpProg2022.Lab1.1\ITMO.CsharpProg2022.Lab1.1.csproj", "{C73F9B90-D9AD-4633-B713-A8C0FFB5E311}"
EndProject
Project("{FAE04EC0-301F-11D3-BF4B-00C04F79EFBC}") = "ITMO.CsharpProg2022.Lab1.4", "ITMO.CsharpProg2022.Lab1.4\ITMO.CsharpProg2022.Lab1.4.csproj", "{C884AE80-F450-49BD-8731-84C68F7B476C}"
EndProject
Project("{FAE04EC0-301F-11D3-BF4B-00C04F79EFBC}") = "ITMO.CsharpProg2022.Lab2.1", "ITMO.CsharpProg2022.Lab2.1\ITMO.CsharpProg2022.Lab2.1.csproj", "{84DB1701-FEC0-4899-BB0D-BCF609866993}"
EndProject
Project("{FAE04EC0-301F-11D3-BF4B-00C04F79EFBC}") = "ITMO.CsharpProg2022.Lab2.2", "ITMO.CsharpProg2022.Lab2.2\ITMO.CsharpProg2022.Lab2.2.csproj", "{81BBF740-58FF-40DF-A2CD-765B419F06D0}"
EndProject
Project("{FAE04EC0-301F-11D3-BF4B-00C04F79EFBC}") = "ITMO.CsharpProg2022.Lab3.1.3", "ITMO.CsharpProg2022.Lab3.1.3\ITMO.CsharpProg2022.Lab3.1.3.csproj", "{AFA6D022-2D43-4135-9561-2278609B7843}"
EndProject
Project("{FAE04EC0-301F-11D3-BF4B-00C04F79EFBC}") = "ITMO.CsharpProg2022.Lab3.1.1", "ITMO.CsharpProg2022.Lab3.1.1\ITMO.CsharpProg2022.Lab3.1.1.csproj", "{D69D5255-FB28-433F-B325-2566A228CECA}"
EndProject
Project("{FAE04EC0-301F-11D3-BF4B-00C04F79EFBC}") = "ITMO.CsharpProg2022.Lab3.1.2", "ITMO.CsharpProg2022.Lab3.1.2\ITMO.CsharpProg2022.Lab3.1.2.csproj", "{23AAEC3A-6DEA-4DEB-90A8-050E557369E7}"
EndProject
Project("{FAE04EC0-301F-11D3-BF4B-00C04F79EFBC}") = "ITMO.CsharpProg2022.Lab3.2", "ITMO.CsharpProg2022.Lab3.2\ITMO.CsharpProg2022.Lab3.2.csproj", "{D6A58E3A-5F16-44FD-9580-C7E88728BA9D}"
EndProject
Project("{FAE04EC0-301F-11D3-BF4B-00C04F79EFBC}") = "ITMO.CsharpProg2022.Lab3.3", "ITMO.CsharpProg2022.Lab3.3\ITMO.CsharpProg2022.Lab3.3.csproj", "{43EA8A04-8A68-4266-8D13-9A48B29A2DF0}"
EndProject
Project("{FAE04EC0-301F-11D3-BF4B-00C04F79EFBC}") = "ITMO.CsharpProg2022.Lab4.1", "ITMO.CsharpProg2022.Lab4.1\ITMO.CsharpProg2022.Lab4.1.csproj", "{D55EDCC9-96F4-4942-B2D4-C382417F7385}"
EndProject
Project("{FAE04EC0-301F-11D3-BF4B-00C04F79EFBC}") = "ITMO.CsharpProg2022.Lab4.2", "ITMO.CsharpProg2022.Lab4.2\ITMO.CsharpProg2022.Lab4.2.csproj", "{7C853CC0-ACF5-4A72-A405-43F2DD133562}"
EndProject
Project("{FAE04EC0-301F-11D3-BF4B-00C04F79EFBC}") = "ITMO.CsharpProg2022.Lab5.1", "ITMO.CsharpProg2022.Lab5.1\ITMO.CsharpProg2022.Lab5.1.csproj", "{1C740244-209D-4CBF-ABF1-4A11031A4D6C}"
EndProject
Project("{FAE04EC0-301F-11D3-BF4B-00C04F79EFBC}") = "ITMO.CsharpProg2022.Lab5.1.2", "ITMO.CsharpProg2022.Lab5.1.2\ITMO.CsharpProg2022.Lab5.1.2.csproj", "{4125EBED-24AC-48FC-8CCF-60BE3A234687}"
EndProject
Project("{FAE04EC0-301F-11D3-BF4B-00C04F79EFBC}") = "ITMO.CsharpProg2022.Lab5.1.3", "ITMO.CsharpProg2022.Lab5.1.3\ITMO.CsharpProg2022.Lab5.1.3.csproj", "{50731F12-EC35-4288-9BB7-1EC12ABB3028}"
EndProject
Project("{FAE04EC0-301F-11D3-BF4B-00C04F79EFBC}") = "ITMO.CsharpProg2022.Lab6.1", "ITMO.CsharpProg2022.Lab6.1\ITMO.CsharpProg2022.Lab6.1.csproj", "{B9750605-AA8B-4A28-8AB8-6E4540A46718}"
EndProject
Project("{FAE04EC0-301F-11D3-BF4B-00C04F79EFBC}") = "ITMO.CsharpProg2022.Lab6.2", "ITMO.CsharpProg2022.Lab6.2\ITMO.CsharpProg2022.Lab6.2.csproj", "{43FF424D-33C9-4E6C-AD27-4314D08F8C01}"
EndProject
Project("{FAE04EC0-301F-11D3-BF4B-00C04F79EFBC}") = "ITMO.CsharpProg2022.Lab7.1", "ITMO.CsharpProg2022.Lab7.1\ITMO.CsharpProg2022.Lab7.1.csproj", "{DF2CCD88-74AE-44B5-91D2-BFC868D63562}"
EndProject
Project("{FAE04EC0-301F-11D3-BF4B-00C04F79EFBC}") = "ITMO.CsharpProg2022.Lab7.2", "ITMO.CsharpProg2022.Lab7.2\ITMO.CsharpProg2022.Lab7.2.csproj", "{D9A179DA-065D-4E35-843F-AA1AA89C461D}"
EndProject
Project("{FAE04EC0-301F-11D3-BF4B-00C04F79EFBC}") = "ITMO.CsharpProg2022.Lab8.1", "ITMO.CsharpProg2022.Lab8.1\ITMO.CsharpProg2022.Lab8.1.csproj", "{3869F579-A9C9-4962-9421-4CEA6E32296D}"
EndProject
Project("{FAE04EC0-301F-11D3-BF4B-00C04F79EFBC}") = "ITMO.CsharpProg2022.Lab8.2", "ITMO.CsharpProg2022.Lab8.2\ITMO.CsharpProg2022.Lab8.2.csproj", "{690D564B-BA23-4115-B768-5BE64BD15AE4}"
EndProject
Global
	GlobalSection(SolutionConfigurationPlatforms) = preSolution
		Debug|Any CPU = Debug|Any CPU
		Release|Any CPU = Release|Any CPU
	EndGlobalSection
	GlobalSection(ProjectConfigurationPlatforms) = postSolution
		{C73F9B90-D9AD-4633-B713-A8C0FFB5E311}.Debug|Any CPU.ActiveCfg = Debug|Any CPU
		{C73F9B90-D9AD-4633-B713-A8C0FFB5E311}.Debug|Any CPU.Build.0 = Debug|Any CPU
		{C73F9B90-D9AD-4633-B713-A8C0FFB5E311}.Release|Any CPU.ActiveCfg = Release|Any CPU
		{C73F9B90-D9AD-4633-B713-A8C0FFB5E311}.Release|Any CPU.Build.0 = Release|Any CPU
		{C884AE80-F450-49BD-8731-84C68F7B476C}.Debug|Any CPU.ActiveCfg = Debug|Any CPU
		{C884AE80-F450-49BD-8731-84C68F7B476C}.Debug|Any CPU.Build.0 = Debug|Any CPU
		{C884AE80-F450-49BD-8731-84C68F7B476C}.Release|Any CPU.ActiveCfg = Release|Any CPU
		{C884AE80-F450-49BD-8731-84C68F7B476C}.Release|Any CPU.Build.0 = Release|Any CPU
		{84DB1701-FEC0-4899-BB0D-BCF609866993}.Debug|Any CPU.ActiveCfg = Debug|Any CPU
		{84DB1701-FEC0-4899-BB0D-BCF609866993}.Debug|Any CPU.Build.0 = Debug|Any CPU
		{84DB1701-FEC0-4899-BB0D-BCF609866993}.Release|Any CPU.ActiveCfg = Release|Any CPU
		{84DB1701-FEC0-4899-BB0D-BCF609866993}.Release|Any CPU.Build.0 = Release|Any CPU
		{81BBF740-58FF-40DF-A2CD-765B419F06D0}.Debug|Any CPU.ActiveCfg = Debug|Any CPU
		{81BBF740-58FF-40DF-A2CD-765B419F06D0}.Debug|Any CPU.Build.0 = Debug|Any CPU
		{81BBF740-58FF-40DF-A2CD-765B419F06D0}.Release|Any CPU.ActiveCfg = Release|Any CPU
		{81BBF740-58FF-40DF-A2CD-765B419F06D0}.Release|Any CPU.Build.0 = Release|Any CPU
		{AFA6D022-2D43-4135-9561-2278609B7843}.Debug|Any CPU.ActiveCfg = Debug|Any CPU
		{AFA6D022-2D43-4135-9561-2278609B7843}.Debug|Any CPU.Build.0 = Debug|Any CPU
		{AFA6D022-2D43-4135-9561-2278609B7843}.Release|Any CPU.ActiveCfg = Release|Any CPU
		{AFA6D022-2D43-4135-9561-2278609B7843}.Release|Any CPU.Build.0 = Release|Any CPU
		{D69D5255-FB28-433F-B325-2566A228CECA}.Debug|Any CPU.ActiveCfg = Debug|Any CPU
		{D69D5255-FB28-433F-B325-2566A228CECA}.Debug|Any CPU.Build.0 = Debug|Any CPU
		{D69D5255-FB28-433F-B325-2566A228CECA}.Release|Any CPU.ActiveCfg = Release|Any CPU
		{D69D5255-FB28-433F-B325-2566A228CECA}.Release|Any CPU.Build.0 = Release|Any CPU
		{23AAEC3A-6DEA-4DEB-90A8-050E557369E7}.Debug|Any CPU.ActiveCfg = Debug|Any CPU
		{23AAEC3A-6DEA-4DEB-90A8-050E557369E7}.Debug|Any CPU.Build.0 = Debug|Any CPU
		{23AAEC3A-6DEA-4DEB-90A8-050E557369E7}.Release|Any CPU.ActiveCfg = Release|Any CPU
		{23AAEC3A-6DEA-4DEB-90A8-050E557369E7}.Release|Any CPU.Build.0 = Release|Any CPU
		{D6A58E3A-5F16-44FD-9580-C7E88728BA9D}.Debug|Any CPU.ActiveCfg = Debug|Any CPU
		{D6A58E3A-5F16-44FD-9580-C7E88728BA9D}.Debug|Any CPU.Build.0 = Debug|Any CPU
		{D6A58E3A-5F16-44FD-9580-C7E88728BA9D}.Release|Any CPU.ActiveCfg = Release|Any CPU
		{D6A58E3A-5F16-44FD-9580-C7E88728BA9D}.Release|Any CPU.Build.0 = Release|Any CPU
		{43EA8A04-8A68-4266-8D13-9A48B29A2DF0}.Debug|Any CPU.ActiveCfg = Debug|Any CPU
		{43EA8A04-8A68-4266-8D13-9A48B29A2DF0}.Debug|Any CPU.Build.0 = Debug|Any CPU
		{43EA8A04-8A68-4266-8D13-9A48B29A2DF0}.Release|Any CPU.ActiveCfg = Release|Any CPU
		{43EA8A04-8A68-4266-8D13-9A48B29A2DF0}.Release|Any CPU.Build.0 = Release|Any CPU
		{D55EDCC9-96F4-4942-B2D4-C382417F7385}.Debug|Any CPU.ActiveCfg = Debug|Any CPU
		{D55EDCC9-96F4-4942-B2D4-C382417F7385}.Debug|Any CPU.Build.0 = Debug|Any CPU
		{D55EDCC9-96F4-4942-B2D4-C382417F7385}.Release|Any CPU.ActiveCfg = Release|Any CPU
		{D55EDCC9-96F4-4942-B2D4-C382417F7385}.Release|Any CPU.Build.0 = Release|Any CPU
		{7C853CC0-ACF5-4A72-A405-43F2DD133562}.Debug|Any CPU.ActiveCfg = Debug|Any CPU
		{7C853CC0-ACF5-4A72-A405-43F2DD133562}.Debug|Any CPU.Build.0 = Debug|Any CPU
		{7C853CC0-ACF5-4A72-A405-43F2DD133562}.Release|Any CPU.ActiveCfg = Release|Any CPU
		{7C853CC0-ACF5-4A72-A405-43F2DD133562}.Release|Any CPU.Build.0 = Release|Any CPU
		{1C740244-209D-4CBF-ABF1-4A11031A4D6C}.Debug|Any CPU.ActiveCfg = Debug|Any CPU
		{1C740244-209D-4CBF-ABF1-4A11031A4D6C}.Debug|Any CPU.Build.0 = Debug|Any CPU
		{1C740244-209D-4CBF-ABF1-4A11031A4D6C}.Release|Any CPU.ActiveCfg = Release|Any CPU
		{1C740244-209D-4CBF-ABF1-4A11031A4D6C}.Release|Any CPU.Build.0 = Release|Any CPU
		{4125EBED-24AC-48FC-8CCF-60BE3A234687}.Debug|Any CPU.ActiveCfg = Debug|Any CPU
		{4125EBED-24AC-48FC-8CCF-60BE3A234687}.Debug|Any CPU.Build.0 = Debug|Any CPU
		{4125EBED-24AC-48FC-8CCF-60BE3A234687}.Release|Any CPU.ActiveCfg = Release|Any CPU
		{4125EBED-24AC-48FC-8CCF-60BE3A234687}.Release|Any CPU.Build.0 = Release|Any CPU
		{50731F12-EC35-4288-9BB7-1EC12ABB3028}.Debug|Any CPU.ActiveCfg = Debug|Any CPU
		{50731F12-EC35-4288-9BB7-1EC12ABB3028}.Debug|Any CPU.Build.0 = Debug|Any CPU
		{50731F12-EC35-4288-9BB7-1EC12ABB3028}.Release|Any CPU.ActiveCfg = Release|Any CPU
		{50731F12-EC35-4288-9BB7-1EC12ABB3028}.Release|Any CPU.Build.0 = Release|Any CPU
		{B9750605-AA8B-4A28-8AB8-6E4540A46718}.Debug|Any CPU.ActiveCfg = Debug|Any CPU
		{B9750605-AA8B-4A28-8AB8-6E4540A46718}.Debug|Any CPU.Build.0 = Debug|Any CPU
		{B9750605-AA8B-4A28-8AB8-6E4540A46718}.Release|Any CPU.ActiveCfg = Release|Any CPU
		{B9750605-AA8B-4A28-8AB8-6E4540A46718}.Release|Any CPU.Build.0 = Release|Any CPU
		{43FF424D-33C9-4E6C-AD27-4314D08F8C01}.Debug|Any CPU.ActiveCfg = Debug|Any CPU
		{43FF424D-33C9-4E6C-AD27-4314D08F8C01}.Debug|Any CPU.Build.0 = Debug|Any CPU
		{43FF424D-33C9-4E6C-AD27-4314D08F8C01}.Release|Any CPU.ActiveCfg = Release|Any CPU
		{43FF424D-33C9-4E6C-AD27-4314D08F8C01}.Release|Any CPU.Build.0 = Release|Any CPU
		{DF2CCD88-74AE-44B5-91D2-BFC868D63562}.Debug|Any CPU.ActiveCfg = Debug|Any CPU
		{DF2CCD88-74AE-44B5-91D2-BFC868D63562}.Debug|Any CPU.Build.0 = Debug|Any CPU
		{DF2CCD88-74AE-44B5-91D2-BFC868D63562}.Release|Any CPU.ActiveCfg = Release|Any CPU
		{DF2CCD88-74AE-44B5-91D2-BFC868D63562}.Release|Any CPU.Build.0 = Release|Any CPU
		{D9A179DA-065D-4E35-843F-AA1AA89C461D}.Debug|Any CPU.ActiveCfg = Debug|Any CPU
		{D9A179DA-065D-4E35-843F-AA1AA89C461D}.Debug|Any CPU.Build.0 = Debug|Any CPU
		{D9A179DA-065D-4E35-843F-AA1AA89C461D}.Release|Any CPU.ActiveCfg = Release|Any CPU
		{D9A179DA-065D-4E35-843F-AA1AA89C461D}.Release|Any CPU.Build.0 = Release|Any CPU
		{3869F579-A9C9-4962-9421-4CEA6E32296D}.Debug|Any CPU.ActiveCfg = Debug|Any CPU
		{3869F579-A9C9-4962-9421-4CEA6E32296D}.Debug|Any CPU.Build.0 = Debug|Any CPU
		{3869F579-A9C9-4962-9421-4CEA6E32296D}.Release|Any CPU.ActiveCfg = Release|Any CPU
		{3869F579-A9C9-4962-9421-4CEA6E32296D}.Release|Any CPU.Build.0 = Release|Any CPU
		{690D564B-BA23-4115-B768-5BE64BD15AE4}.Debug|Any CPU.ActiveCfg = Debug|Any CPU
		{690D564B-BA23-4115-B768-5BE64BD15AE4}.Debug|Any CPU.Build.0 = Debug|Any CPU
		{690D564B-BA23-4115-B768-5BE64BD15AE4}.Release|Any CPU.ActiveCfg = Release|Any CPU
		{690D564B-BA23-4115-B768-5BE64BD15AE4}.Release|Any CPU.Build.0 = Release|Any CPU
	EndGlobalSection
	GlobalSection(SolutionProperties) = preSolution
		HideSolutionNode = FALSE
	EndGlobalSection
	GlobalSection(ExtensibilityGlobals) = postSolution
		SolutionGuid = {D363770C-C334-4395-B621-0F98F7358CE1}
	EndGlobalSection
EndGlobal
